
Microsoft Visual Studio Solution File, Format Version 12.00
# Visual Studio 15
Project("{FAE04EC0-301F-11D3-BF4B-00C04F79EFBC}") = "Assembly-CSharp", "Assembly-CSharp.csproj", "{939CEA96-4BBA-2E38-D637-1331B5CBA8AA}"
EndProject
Project("{FAE04EC0-301F-11D3-BF4B-00C04F79EFBC}") = "Assembly-CSharp-Editor", "Assembly-CSharp-Editor.csproj", "{993519E3-B137-C40A-989B-F586B97EBDA8}"
EndProject
Global
	GlobalSection(SolutionConfigurationPlatforms) = preSolution
		Debug|Any CPU = Debug|Any CPU
		Release|Any CPU = Release|Any CPU
	EndGlobalSection
	GlobalSection(ProjectConfigurationPlatforms) = postSolution
		{939CEA96-4BBA-2E38-D637-1331B5CBA8AA}.Debug|Any CPU.ActiveCfg = Debug|Any CPU
		{939CEA96-4BBA-2E38-D637-1331B5CBA8AA}.Debug|Any CPU.Build.0 = Debug|Any CPU
		{939CEA96-4BBA-2E38-D637-1331B5CBA8AA}.Release|Any CPU.ActiveCfg = Release|Any CPU
		{939CEA96-4BBA-2E38-D637-1331B5CBA8AA}.Release|Any CPU.Build.0 = Release|Any CPU
		{993519E3-B137-C40A-989B-F586B97EBDA8}.Debug|Any CPU.ActiveCfg = Debug|Any CPU
		{993519E3-B137-C40A-989B-F586B97EBDA8}.Debug|Any CPU.Build.0 = Debug|Any CPU
		{993519E3-B137-C40A-989B-F586B97EBDA8}.Release|Any CPU.ActiveCfg = Release|Any CPU
		{993519E3-B137-C40A-989B-F586B97EBDA8}.Release|Any CPU.Build.0 = Release|Any CPU
	EndGlobalSection
	GlobalSection(SolutionProperties) = preSolution
		HideSolutionNode = FALSE
	EndGlobalSection
EndGlobal
